// !$*UTF8*$!
{
	archiveVersion = 1;
	classes = {
	};
	objectVersion = 48;
	objects = {

/* Begin PBXBuildFile section */
		F329014520271345008229FB /* AppDelegate.m in Sources */ = {isa = PBXBuildFile; fileRef = F329014420271345008229FB /* AppDelegate.m */; };
		F329014820271345008229FB /* ViewController.m in Sources */ = {isa = PBXBuildFile; fileRef = F329014720271345008229FB /* ViewController.m */; };
		F329014B20271345008229FB /* Main.storyboard in Resources */ = {isa = PBXBuildFile; fileRef = F329014920271345008229FB /* Main.storyboard */; };
		F329014D20271345008229FB /* Assets.xcassets in Resources */ = {isa = PBXBuildFile; fileRef = F329014C20271345008229FB /* Assets.xcassets */; };
		F329015020271345008229FB /* LaunchScreen.storyboard in Resources */ = {isa = PBXBuildFile; fileRef = F329014E20271345008229FB /* LaunchScreen.storyboard */; };
		F329015320271345008229FB /* main.m in Sources */ = {isa = PBXBuildFile; fileRef = F329015220271345008229FB /* main.m */; };
		F329015D20271345008229FB /* UnitTestDemoTests.m in Sources */ = {isa = PBXBuildFile; fileRef = F329015C20271345008229FB /* UnitTestDemoTests.m */; };
		F329016820271345008229FB /* UnitTestDemoUITests.m in Sources */ = {isa = PBXBuildFile; fileRef = F329016720271345008229FB /* UnitTestDemoUITests.m */; };
		F3312624207138F0000AB485 /* OCMock.framework in Frameworks */ = {isa = PBXBuildFile; fileRef = F3312622207136D4000AB485 /* OCMock.framework */; };
		F3312625207138F0000AB485 /* OCMock.framework in Embed Frameworks */ = {isa = PBXBuildFile; fileRef = F3312622207136D4000AB485 /* OCMock.framework */; settings = {ATTRIBUTES = (CodeSignOnCopy, RemoveHeadersOnCopy, ); }; };
		F396AB612079205800610849 /* FZNDHomePresenterTests.m in Sources */ = {isa = PBXBuildFile; fileRef = F396AB602079205800610849 /* FZNDHomePresenterTests.m */; };
		F396AB64207920B300610849 /* XSPresenter.m in Sources */ = {isa = PBXBuildFile; fileRef = F396AB63207920B300610849 /* XSPresenter.m */; };
		F396AB672079211600610849 /* XSModel.m in Sources */ = {isa = PBXBuildFile; fileRef = F396AB662079211600610849 /* XSModel.m */; };
/* End PBXBuildFile section */

/* Begin PBXContainerItemProxy section */
		F329015920271345008229FB /* PBXContainerItemProxy */ = {
			isa = PBXContainerItemProxy;
			containerPortal = F329013820271345008229FB /* Project object */;
			proxyType = 1;
			remoteGlobalIDString = F329013F20271345008229FB;
			remoteInfo = UnitTestDemo;
		};
		F329016420271345008229FB /* PBXContainerItemProxy */ = {
			isa = PBXContainerItemProxy;
			containerPortal = F329013820271345008229FB /* Project object */;
			proxyType = 1;
			remoteGlobalIDString = F329013F20271345008229FB;
			remoteInfo = UnitTestDemo;
		};
/* End PBXContainerItemProxy section */

/* Begin PBXCopyFilesBuildPhase section */
		F3312626207138F0000AB485 /* Embed Frameworks */ = {
			isa = PBXCopyFilesBuildPhase;
			buildActionMask = 2147483647;
			dstPath = "";
			dstSubfolderSpec = 10;
			files = (
				F3312625207138F0000AB485 /* OCMock.framework in Embed Frameworks */,
			);
			name = "Embed Frameworks";
			runOnlyForDeploymentPostprocessing = 0;
		};
/* End PBXCopyFilesBuildPhase section */

/* Begin PBXFileReference section */
		F329014020271345008229FB /* UnitTestDemo.app */ = {isa = PBXFileReference; explicitFileType = wrapper.application; includeInIndex = 0; path = UnitTestDemo.app; sourceTree = BUILT_PRODUCTS_DIR; };
		F329014320271345008229FB /* AppDelegate.h */ = {isa = PBXFileReference; lastKnownFileType = sourcecode.c.h; path = AppDelegate.h; sourceTree = "<group>"; };
		F329014420271345008229FB /* AppDelegate.m */ = {isa = PBXFileReference; lastKnownFileType = sourcecode.c.objc; path = AppDelegate.m; sourceTree = "<group>"; };
		F329014620271345008229FB /* ViewController.h */ = {isa = PBXFileReference; lastKnownFileType = sourcecode.c.h; path = ViewController.h; sourceTree = "<group>"; };
		F329014720271345008229FB /* ViewController.m */ = {isa = PBXFileReference; lastKnownFileType = sourcecode.c.objc; path = ViewController.m; sourceTree = "<group>"; };
		F329014A20271345008229FB /* Base */ = {isa = PBXFileReference; lastKnownFileType = file.storyboard; name = Base; path = Base.lproj/Main.storyboard; sourceTree = "<group>"; };
		F329014C20271345008229FB /* Assets.xcassets */ = {isa = PBXFileReference; lastKnownFileType = folder.assetcatalog; path = Assets.xcassets; sourceTree = "<group>"; };
		F329014F20271345008229FB /* Base */ = {isa = PBXFileReference; lastKnownFileType = file.storyboard; name = Base; path = Base.lproj/LaunchScreen.storyboard; sourceTree = "<group>"; };
		F329015120271345008229FB /* Info.plist */ = {isa = PBXFileReference; lastKnownFileType = text.plist.xml; path = Info.plist; sourceTree = "<group>"; };
		F329015220271345008229FB /* main.m */ = {isa = PBXFileReference; lastKnownFileType = sourcecode.c.objc; path = main.m; sourceTree = "<group>"; };
		F329015820271345008229FB /* UnitTestDemoTests.xctest */ = {isa = PBXFileReference; explicitFileType = wrapper.cfbundle; includeInIndex = 0; path = UnitTestDemoTests.xctest; sourceTree = BUILT_PRODUCTS_DIR; };
		F329015C20271345008229FB /* UnitTestDemoTests.m */ = {isa = PBXFileReference; lastKnownFileType = sourcecode.c.objc; path = UnitTestDemoTests.m; sourceTree = "<group>"; };
		F329015E20271345008229FB /* Info.plist */ = {isa = PBXFileReference; lastKnownFileType = text.plist.xml; path = Info.plist; sourceTree = "<group>"; };
		F329016320271345008229FB /* UnitTestDemoUITests.xctest */ = {isa = PBXFileReference; explicitFileType = wrapper.cfbundle; includeInIndex = 0; path = UnitTestDemoUITests.xctest; sourceTree = BUILT_PRODUCTS_DIR; };
		F329016720271345008229FB /* UnitTestDemoUITests.m */ = {isa = PBXFileReference; lastKnownFileType = sourcecode.c.objc; path = UnitTestDemoUITests.m; sourceTree = "<group>"; };
		F329016920271345008229FB /* Info.plist */ = {isa = PBXFileReference; lastKnownFileType = text.plist.xml; path = Info.plist; sourceTree = "<group>"; };
		F3312622207136D4000AB485 /* OCMock.framework */ = {isa = PBXFileReference; lastKnownFileType = wrapper.framework; path = OCMock.framework; sourceTree = "<group>"; };
		F396AB602079205800610849 /* FZNDHomePresenterTests.m */ = {isa = PBXFileReference; fileEncoding = 4; lastKnownFileType = sourcecode.c.objc; path = FZNDHomePresenterTests.m; sourceTree = "<group>"; };
		F396AB62207920B300610849 /* XSPresenter.h */ = {isa = PBXFileReference; lastKnownFileType = sourcecode.c.h; path = XSPresenter.h; sourceTree = "<group>"; };
		F396AB63207920B300610849 /* XSPresenter.m */ = {isa = PBXFileReference; lastKnownFileType = sourcecode.c.objc; path = XSPresenter.m; sourceTree = "<group>"; };
		F396AB652079211600610849 /* XSModel.h */ = {isa = PBXFileReference; lastKnownFileType = sourcecode.c.h; path = XSModel.h; sourceTree = "<group>"; };
		F396AB662079211600610849 /* XSModel.m */ = {isa = PBXFileReference; lastKnownFileType = sourcecode.c.objc; path = XSModel.m; sourceTree = "<group>"; };
/* End PBXFileReference section */

/* Begin PBXFrameworksBuildPhase section */
		F329013D20271345008229FB /* Frameworks */ = {
			isa = PBXFrameworksBuildPhase;
			buildActionMask = 2147483647;
			files = (
				F3312624207138F0000AB485 /* OCMock.framework in Frameworks */,
			);
			runOnlyForDeploymentPostprocessing = 0;
		};
		F329015520271345008229FB /* Frameworks */ = {
			isa = PBXFrameworksBuildPhase;
			buildActionMask = 2147483647;
			files = (
			);
			runOnlyForDeploymentPostprocessing = 0;
		};
		F329016020271345008229FB /* Frameworks */ = {
			isa = PBXFrameworksBuildPhase;
			buildActionMask = 2147483647;
			files = (
			);
			runOnlyForDeploymentPostprocessing = 0;
		};
/* End PBXFrameworksBuildPhase section */

/* Begin PBXGroup section */
		F329013720271345008229FB = {
			isa = PBXGroup;
			children = (
				F329014220271345008229FB /* UnitTestDemo */,
				F329015B20271345008229FB /* UnitTestDemoTests */,
				F329016620271345008229FB /* UnitTestDemoUITests */,
				F329014120271345008229FB /* Products */,
			);
			sourceTree = "<group>";
		};
		F329014120271345008229FB /* Products */ = {
			isa = PBXGroup;
			children = (
				F329014020271345008229FB /* UnitTestDemo.app */,
				F329015820271345008229FB /* UnitTestDemoTests.xctest */,
				F329016320271345008229FB /* UnitTestDemoUITests.xctest */,
			);
			name = Products;
			sourceTree = "<group>";
		};
		F329014220271345008229FB /* UnitTestDemo */ = {
			isa = PBXGroup;
			children = (
				F3312622207136D4000AB485 /* OCMock.framework */,
				F329014320271345008229FB /* AppDelegate.h */,
				F329014420271345008229FB /* AppDelegate.m */,
				F329014620271345008229FB /* ViewController.h */,
				F329014720271345008229FB /* ViewController.m */,
				F329014920271345008229FB /* Main.storyboard */,
				F329014C20271345008229FB /* Assets.xcassets */,
				F329014E20271345008229FB /* LaunchScreen.storyboard */,
				F329015120271345008229FB /* Info.plist */,
				F329015220271345008229FB /* main.m */,
				F396AB62207920B300610849 /* XSPresenter.h */,
				F396AB63207920B300610849 /* XSPresenter.m */,
				F396AB652079211600610849 /* XSModel.h */,
				F396AB662079211600610849 /* XSModel.m */,
			);
			path = UnitTestDemo;
			sourceTree = "<group>";
		};
		F329015B20271345008229FB /* UnitTestDemoTests */ = {
			isa = PBXGroup;
			children = (
				F396AB602079205800610849 /* FZNDHomePresenterTests.m */,
				F329015C20271345008229FB /* UnitTestDemoTests.m */,
				F329015E20271345008229FB /* Info.plist */,
			);
			path = UnitTestDemoTests;
			sourceTree = "<group>";
		};
		F329016620271345008229FB /* UnitTestDemoUITests */ = {
			isa = PBXGroup;
			children = (
				F329016720271345008229FB /* UnitTestDemoUITests.m */,
				F329016920271345008229FB /* Info.plist */,
			);
			path = UnitTestDemoUITests;
			sourceTree = "<group>";
		};
/* End PBXGroup section */

/* Begin PBXNativeTarget section */
		F329013F20271345008229FB /* UnitTestDemo */ = {
			isa = PBXNativeTarget;
			buildConfigurationList = F329016C20271345008229FB /* Build configuration list for PBXNativeTarget "UnitTestDemo" */;
			buildPhases = (
				F329013C20271345008229FB /* Sources */,
				F329013D20271345008229FB /* Frameworks */,
				F329013E20271345008229FB /* Resources */,
				F3312626207138F0000AB485 /* Embed Frameworks */,
			);
			buildRules = (
			);
			dependencies = (
			);
			name = UnitTestDemo;
			productName = UnitTestDemo;
			productReference = F329014020271345008229FB /* UnitTestDemo.app */;
			productType = "com.apple.product-type.application";
		};
		F329015720271345008229FB /* UnitTestDemoTests */ = {
			isa = PBXNativeTarget;
			buildConfigurationList = F329016F20271345008229FB /* Build configuration list for PBXNativeTarget "UnitTestDemoTests" */;
			buildPhases = (
				F329015420271345008229FB /* Sources */,
				F329015520271345008229FB /* Frameworks */,
				F329015620271345008229FB /* Resources */,
			);
			buildRules = (
			);
			dependencies = (
				F329015A20271345008229FB /* PBXTargetDependency */,
			);
			name = UnitTestDemoTests;
			productName = UnitTestDemoTests;
			productReference = F329015820271345008229FB /* UnitTestDemoTests.xctest */;
			productType = "com.apple.product-type.bundle.unit-test";
		};
		F329016220271345008229FB /* UnitTestDemoUITests */ = {
			isa = PBXNativeTarget;
			buildConfigurationList = F329017220271345008229FB /* Build configuration list for PBXNativeTarget "UnitTestDemoUITests" */;
			buildPhases = (
				F329015F20271345008229FB /* Sources */,
				F329016020271345008229FB /* Frameworks */,
				F329016120271345008229FB /* Resources */,
			);
			buildRules = (
			);
			dependencies = (
				F329016520271345008229FB /* PBXTargetDependency */,
			);
			name = UnitTestDemoUITests;
			productName = UnitTestDemoUITests;
			productReference = F329016320271345008229FB /* UnitTestDemoUITests.xctest */;
			productType = "com.apple.product-type.bundle.ui-testing";
		};
/* End PBXNativeTarget section */

/* Begin PBXProject section */
		F329013820271345008229FB /* Project object */ = {
			isa = PBXProject;
			attributes = {
				LastUpgradeCheck = 0920;
				ORGANIZATIONNAME = xingshao;
				TargetAttributes = {
					F329013F20271345008229FB = {
						CreatedOnToolsVersion = 9.2;
						ProvisioningStyle = Automatic;
					};
					F329015720271345008229FB = {
						CreatedOnToolsVersion = 9.2;
						ProvisioningStyle = Automatic;
						TestTargetID = F329013F20271345008229FB;
					};
					F329016220271345008229FB = {
						CreatedOnToolsVersion = 9.2;
						ProvisioningStyle = Automatic;
						TestTargetID = F329013F20271345008229FB;
					};
				};
			};
			buildConfigurationList = F329013B20271345008229FB /* Build configuration list for PBXProject "UnitTestDemo" */;
			compatibilityVersion = "Xcode 8.0";
			developmentRegion = en;
			hasScannedForEncodings = 0;
			knownRegions = (
				en,
				Base,
			);
			mainGroup = F329013720271345008229FB;
			productRefGroup = F329014120271345008229FB /* Products */;
			projectDirPath = "";
			projectRoot = "";
			targets = (
				F329013F20271345008229FB /* UnitTestDemo */,
				F329015720271345008229FB /* UnitTestDemoTests */,
				F329016220271345008229FB /* UnitTestDemoUITests */,
			);
		};
/* End PBXProject section */

/* Begin PBXResourcesBuildPhase section */
		F329013E20271345008229FB /* Resources */ = {
			isa = PBXResourcesBuildPhase;
			buildActionMask = 2147483647;
			files = (
				F329015020271345008229FB /* LaunchScreen.storyboard in Resources */,
				F329014D20271345008229FB /* Assets.xcassets in Resources */,
				F329014B20271345008229FB /* Main.storyboard in Resources */,
			);
			runOnlyForDeploymentPostprocessing = 0;
		};
		F329015620271345008229FB /* Resources */ = {
			isa = PBXResourcesBuildPhase;
			buildActionMask = 2147483647;
			files = (
			);
			runOnlyForDeploymentPostprocessing = 0;
		};
		F329016120271345008229FB /* Resources */ = {
			isa = PBXResourcesBuildPhase;
			buildActionMask = 2147483647;
			files = (
			);
			runOnlyForDeploymentPostprocessing = 0;
		};
/* End PBXResourcesBuildPhase section */

/* Begin PBXSourcesBuildPhase section */
		F329013C20271345008229FB /* Sources */ = {
			isa = PBXSourcesBuildPhase;
			buildActionMask = 2147483647;
			files = (
				F329014820271345008229FB /* ViewController.m in Sources */,
				F329015320271345008229FB /* main.m in Sources */,
				F396AB672079211600610849 /* XSModel.m in Sources */,
				F329014520271345008229FB /* AppDelegate.m in Sources */,
				F396AB64207920B300610849 /* XSPresenter.m in Sources */,
			);
			runOnlyForDeploymentPostprocessing = 0;
		};
		F329015420271345008229FB /* Sources */ = {
			isa = PBXSourcesBuildPhase;
			buildActionMask = 2147483647;
			files = (
				F329015D20271345008229FB /* UnitTestDemoTests.m in Sources */,
				F396AB612079205800610849 /* FZNDHomePresenterTests.m in Sources */,
			);
			runOnlyForDeploymentPostprocessing = 0;
		};
		F329015F20271345008229FB /* Sources */ = {
			isa = PBXSourcesBuildPhase;
			buildActionMask = 2147483647;
			files = (
				F329016820271345008229FB /* UnitTestDemoUITests.m in Sources */,
			);
			runOnlyForDeploymentPostprocessing = 0;
		};
/* End PBXSourcesBuildPhase section */

/* Begin PBXTargetDependency section */
		F329015A20271345008229FB /* PBXTargetDependency */ = {
			isa = PBXTargetDependency;
			target = F329013F20271345008229FB /* UnitTestDemo */;
			targetProxy = F329015920271345008229FB /* PBXContainerItemProxy */;
		};
		F329016520271345008229FB /* PBXTargetDependency */ = {
			isa = PBXTargetDependency;
			target = F329013F20271345008229FB /* UnitTestDemo */;
			targetProxy = F329016420271345008229FB /* PBXContainerItemProxy */;
		};
/* End PBXTargetDependency section */

/* Begin PBXVariantGroup section */
		F329014920271345008229FB /* Main.storyboard */ = {
			isa = PBXVariantGroup;
			children = (
				F329014A20271345008229FB /* Base */,
			);
			name = Main.storyboard;
			sourceTree = "<group>";
		};
		F329014E20271345008229FB /* LaunchScreen.storyboard */ = {
			isa = PBXVariantGroup;
			children = (
				F329014F20271345008229FB /* Base */,
			);
			name = LaunchScreen.storyboard;
			sourceTree = "<group>";
		};
/* End PBXVariantGroup section */

/* Begin XCBuildConfiguration section */
		F329016A20271345008229FB /* Debug */ = {
			isa = XCBuildConfiguration;
			buildSettings = {
				ALWAYS_SEARCH_USER_PATHS = NO;
				CLANG_ANALYZER_NONNULL = YES;
				CLANG_ANALYZER_NUMBER_OBJECT_CONVERSION = YES_AGGRESSIVE;
				CLANG_CXX_LANGUAGE_STANDARD = "gnu++14";
				CLANG_CXX_LIBRARY = "libc++";
				CLANG_ENABLE_MODULES = YES;
				CLANG_ENABLE_OBJC_ARC = YES;
				CLANG_WARN_BLOCK_CAPTURE_AUTORELEASING = YES;
				CLANG_WARN_BOOL_CONVERSION = YES;
				CLANG_WARN_COMMA = YES;
				CLANG_WARN_CONSTANT_CONVERSION = YES;
				CLANG_WARN_DIRECT_OBJC_ISA_USAGE = YES_ERROR;
				CLANG_WARN_DOCUMENTATION_COMMENTS = YES;
				CLANG_WARN_EMPTY_BODY = YES;
				CLANG_WARN_ENUM_CONVERSION = YES;
				CLANG_WARN_INFINITE_RECURSION = YES;
				CLANG_WARN_INT_CONVERSION = YES;
				CLANG_WARN_NON_LITERAL_NULL_CONVERSION = YES;
				CLANG_WARN_OBJC_LITERAL_CONVERSION = YES;
				CLANG_WARN_OBJC_ROOT_CLASS = YES_ERROR;
				CLANG_WARN_RANGE_LOOP_ANALYSIS = YES;
				CLANG_WARN_STRICT_PROTOTYPES = YES;
				CLANG_WARN_SUSPICIOUS_MOVE = YES;
				CLANG_WARN_UNGUARDED_AVAILABILITY = YES_AGGRESSIVE;
				CLANG_WARN_UNREACHABLE_CODE = YES;
				CLANG_WARN__DUPLICATE_METHOD_MATCH = YES;
				CODE_SIGN_IDENTITY = "iPhone Developer";
				COPY_PHASE_STRIP = NO;
				DEBUG_INFORMATION_FORMAT = dwarf;
				ENABLE_STRICT_OBJC_MSGSEND = YES;
				ENABLE_TESTABILITY = YES;
				GCC_C_LANGUAGE_STANDARD = gnu11;
				GCC_DYNAMIC_NO_PIC = NO;
				GCC_NO_COMMON_BLOCKS = YES;
				GCC_OPTIMIZATION_LEVEL = 0;
				GCC_PREPROCESSOR_DEFINITIONS = (
					"DEBUG=1",
					"$(inherited)",
				);
				GCC_WARN_64_TO_32_BIT_CONVERSION = YES;
				GCC_WARN_ABOUT_RETURN_TYPE = YES_ERROR;
				GCC_WARN_UNDECLARED_SELECTOR = YES;
				GCC_WARN_UNINITIALIZED_AUTOS = YES_AGGRESSIVE;
				GCC_WARN_UNUSED_FUNCTION = YES;
				GCC_WARN_UNUSED_VARIABLE = YES;
				IPHONEOS_DEPLOYMENT_TARGET = 11.2;
				MTL_ENABLE_DEBUG_INFO = YES;
				ONLY_ACTIVE_ARCH = YES;
				SDKROOT = iphoneos;
			};
			name = Debug;
		};
		F329016B20271345008229FB /* Release */ = {
			isa = XCBuildConfiguration;
			buildSettings = {
				ALWAYS_SEARCH_USER_PATHS = NO;
				CLANG_ANALYZER_NONNULL = YES;
				CLANG_ANALYZER_NUMBER_OBJECT_CONVERSION = YES_AGGRESSIVE;
				CLANG_CXX_LANGUAGE_STANDARD = "gnu++14";
				CLANG_CXX_LIBRARY = "libc++";
				CLANG_ENABLE_MODULES = YES;
				CLANG_ENABLE_OBJC_ARC = YES;
				CLANG_WARN_BLOCK_CAPTURE_AUTORELEASING = YES;
				CLANG_WARN_BOOL_CONVERSION = YES;
				CLANG_WARN_COMMA = YES;
				CLANG_WARN_CONSTANT_CONVERSION = YES;
				CLANG_WARN_DIRECT_OBJC_ISA_USAGE = YES_ERROR;
				CLANG_WARN_DOCUMENTATION_COMMENTS = YES;
				CLANG_WARN_EMPTY_BODY = YES;
				CLANG_WARN_ENUM_CONVERSION = YES;
				CLANG_WARN_INFINITE_RECURSION = YES;
				CLANG_WARN_INT_CONVERSION = YES;
				CLANG_WARN_NON_LITERAL_NULL_CONVERSION = YES;
				CLANG_WARN_OBJC_LITERAL_CONVERSION = YES;
				CLANG_WARN_OBJC_ROOT_CLASS = YES_ERROR;
				CLANG_WARN_RANGE_LOOP_ANALYSIS = YES;
				CLANG_WARN_STRICT_PROTOTYPES = YES;
				CLANG_WARN_SUSPICIOUS_MOVE = YES;
				CLANG_WARN_UNGUARDED_AVAILABILITY = YES_AGGRESSIVE;
				CLANG_WARN_UNREACHABLE_CODE = YES;
				CLANG_WARN__DUPLICATE_METHOD_MATCH = YES;
				CODE_SIGN_IDENTITY = "iPhone Developer";
				COPY_PHASE_STRIP = NO;
				DEBUG_INFORMATION_FORMAT = "dwarf-with-dsym";
				ENABLE_NS_ASSERTIONS = NO;
				ENABLE_STRICT_OBJC_MSGSEND = YES;
				GCC_C_LANGUAGE_STANDARD = gnu11;
				GCC_NO_COMMON_BLOCKS = YES;
				GCC_WARN_64_TO_32_BIT_CONVERSION = YES;
				GCC_WARN_ABOUT_RETURN_TYPE = YES_ERROR;
				GCC_WARN_UNDECLARED_SELECTOR = YES;
				GCC_WARN_UNINITIALIZED_AUTOS = YES_AGGRESSIVE;
				GCC_WARN_UNUSED_FUNCTION = YES;
				GCC_WARN_UNUSED_VARIABLE = YES;
				IPHONEOS_DEPLOYMENT_TARGET = 11.2;
				MTL_ENABLE_DEBUG_INFO = NO;
				SDKROOT = iphoneos;
				VALIDATE_PRODUCT = YES;
			};
			name = Release;
		};
		F329016D20271345008229FB /* Debug */ = {
			isa = XCBuildConfiguration;
			buildSettings = {
				ASSETCATALOG_COMPILER_APPICON_NAME = AppIcon;
				CODE_SIGN_STYLE = Automatic;
				FRAMEWORK_SEARCH_PATHS = (
					"$(PROJECT_DIR)/$(TARGET_NAME)",
					"$(inherited)",
				);
				HEADER_SEARCH_PATHS = "$(PROJECT_DIR)/OCMock.framework/Headers";
				INFOPLIST_FILE = UnitTestDemo/Info.plist;
				LD_RUNPATH_SEARCH_PATHS = "$(inherited) @executable_path/Frameworks";
				OTHER_LDFLAGS = "-ObjC";
				PRODUCT_BUNDLE_IDENTIFIER = xingshao.UnitTestDemo;
				PRODUCT_NAME = "$(TARGET_NAME)";
				TARGETED_DEVICE_FAMILY = "1,2";
			};
			name = Debug;
		};
		F329016E20271345008229FB /* Release */ = {
			isa = XCBuildConfiguration;
			buildSettings = {
				ASSETCATALOG_COMPILER_APPICON_NAME = AppIcon;
				CODE_SIGN_STYLE = Automatic;
				FRAMEWORK_SEARCH_PATHS = (
					"$(PROJECT_DIR)/$(TARGET_NAME)",
					"$(inherited)",
				);
				HEADER_SEARCH_PATHS = "$(PROJECT_DIR)/OCMock.framework/Headers";
				INFOPLIST_FILE = UnitTestDemo/Info.plist;
				LD_RUNPATH_SEARCH_PATHS = "$(inherited) @executable_path/Frameworks";
				OTHER_LDFLAGS = "-ObjC";
				PRODUCT_BUNDLE_IDENTIFIER = xingshao.UnitTestDemo;
				PRODUCT_NAME = "$(TARGET_NAME)";
				TARGETED_DEVICE_FAMILY = "1,2";
			};
			name = Release;
		};
		F329017020271345008229FB /* Debug */ = {
			isa = XCBuildConfiguration;
			buildSettings = {
				BUNDLE_LOADER = "$(TEST_HOST)";
				CODE_SIGN_STYLE = Automatic;
				FRAMEWORK_SEARCH_PATHS = "$(PROJECT_DIR)/UnitTestDemo";
				HEADER_SEARCH_PATHS = "$(PROJECT_DIR)/OCMock.framework/Headers";
				INFOPLIST_FILE = UnitTestDemoTests/Info.plist;
				LD_RUNPATH_SEARCH_PATHS = "$(inherited) @executable_path/Frameworks @loader_path/Frameworks";
				PRODUCT_BUNDLE_IDENTIFIER = xingshao.UnitTestDemoTests;
				PRODUCT_NAME = "$(TARGET_NAME)";
				TARGETED_DEVICE_FAMILY = "1,2";
				TEST_HOST = "$(BUILT_PRODUCTS_DIR)/UnitTestDemo.app/UnitTestDemo";
			};
			name = Debug;
		};
		F329017120271345008229FB /* Release */ = {
			isa = XCBuildConfiguration;
			buildSettings = {
				BUNDLE_LOADER = "$(TEST_HOST)";
				CODE_SIGN_STYLE = Automatic;
				FRAMEWORK_SEARCH_PATHS = "$(PROJECT_DIR)/UnitTestDemo";
				HEADER_SEARCH_PATHS = "$(PROJECT_DIR)/OCMock.framework/Headers";
				INFOPLIST_FILE = UnitTestDemoTests/Info.plist;
				LD_RUNPATH_SEARCH_PATHS = "$(inherited) @executable_path/Frameworks @loader_path/Frameworks";
				PRODUCT_BUNDLE_IDENTIFIER = xingshao.UnitTestDemoTests;
				PRODUCT_NAME = "$(TARGET_NAME)";
				TARGETED_DEVICE_FAMILY = "1,2";
				TEST_HOST = "$(BUILT_PRODUCTS_DIR)/UnitTestDemo.app/UnitTestDemo";
			};
			name = Release;
		};
		F329017320271345008229FB /* Debug */ = {
			isa = XCBuildConfiguration;
			buildSettings = {
				CODE_SIGN_STYLE = Automatic;
				INFOPLIST_FILE = UnitTestDemoUITests/Info.plist;
				LD_RUNPATH_SEARCH_PATHS = "$(inherited) @executable_path/Frameworks @loader_path/Frameworks";
				PRODUCT_BUNDLE_IDENTIFIER = xingshao.UnitTestDemoUITests;
				PRODUCT_NAME = "$(TARGET_NAME)";
				TARGETED_DEVICE_FAMILY = "1,2";
				TEST_TARGET_NAME = UnitTestDemo;
			};
			name = Debug;
		};
		F329017420271345008229FB /* Release */ = {
			isa = XCBuildConfiguration;
			buildSettings = {
				CODE_SIGN_STYLE = Automatic;
				INFOPLIST_FILE = UnitTestDemoUITests/Info.plist;
				LD_RUNPATH_SEARCH_PATHS = "$(inherited) @executable_path/Frameworks @loader_path/Frameworks";
				PRODUCT_BUNDLE_IDENTIFIER = xingshao.UnitTestDemoUITests;
				PRODUCT_NAME = "$(TARGET_NAME)";
				TARGETED_DEVICE_FAMILY = "1,2";
				TEST_TARGET_NAME = UnitTestDemo;
			};
			name = Release;
		};
/* End XCBuildConfiguration section */

/* Begin XCConfigurationList section */
		F329013B20271345008229FB /* Build configuration list for PBXProject "UnitTestDemo" */ = {
			isa = XCConfigurationList;
			buildConfigurations = (
				F329016A20271345008229FB /* Debug */,
				F329016B20271345008229FB /* Release */,
			);
			defaultConfigurationIsVisible = 0;
			defaultConfigurationName = Release;
		};
		F329016C20271345008229FB /* Build configuration list for PBXNativeTarget "UnitTestDemo" */ = {
			isa = XCConfigurationList;
			buildConfigurations = (
				F329016D20271345008229FB /* Debug */,
				F329016E20271345008229FB /* Release */,
			);
			defaultConfigurationIsVisible = 0;
			defaultConfigurationName = Release;
		};
		F329016F20271345008229FB /* Build configuration list for PBXNativeTarget "UnitTestDemoTests" */ = {
			isa = XCConfigurationList;
			buildConfigurations = (
				F329017020271345008229FB /* Debug */,
				F329017120271345008229FB /* Release */,
			);
			defaultConfigurationIsVisible = 0;
			defaultConfigurationName = Release;
		};
		F329017220271345008229FB /* Build configuration list for PBXNativeTarget "UnitTestDemoUITests" */ = {
			isa = XCConfigurationList;
			buildConfigurations = (
				F329017320271345008229FB /* Debug */,
				F329017420271345008229FB /* Release */,
			);
			defaultConfigurationIsVisible = 0;
			defaultConfigurationName = Release;
		};
/* End XCConfigurationList section */
	};
	rootObject = F329013820271345008229FB /* Project object */;
}
